// !$*UTF8*$!
{
	archiveVersion = 1;
	classes = {
	};
	objectVersion = 50;
	objects = {

/* Begin PBXBuildFile section */
		3FC1B79D21C102B6004B5148 /* AppDelegate.swift in Sources */ = {isa = PBXBuildFile; fileRef = 3FC1B79C21C102B6004B5148 /* AppDelegate.swift */; };
		3FC1B79F21C102B6004B5148 /* ViewController.swift in Sources */ = {isa = PBXBuildFile; fileRef = 3FC1B79E21C102B6004B5148 /* ViewController.swift */; };
		3FC1B7A221C102B6004B5148 /* Main.storyboard in Resources */ = {isa = PBXBuildFile; fileRef = 3FC1B7A021C102B6004B5148 /* Main.storyboard */; };
		3FC1B7A421C102B6004B5148 /* Assets.xcassets in Resources */ = {isa = PBXBuildFile; fileRef = 3FC1B7A321C102B6004B5148 /* Assets.xcassets */; };
		3FC1B7A721C102B6004B5148 /* LaunchScreen.storyboard in Resources */ = {isa = PBXBuildFile; fileRef = 3FC1B7A521C102B6004B5148 /* LaunchScreen.storyboard */; };
/* End PBXBuildFile section */

/* Begin PBXContainerItemProxy section */
		3FC1B7AE21C102B7004B5148 /* PBXContainerItemProxy */ = {
			isa = PBXContainerItemProxy;
			containerPortal = 3FC1B79121C102B6004B5148 /* Project object */;
			proxyType = 1;
			remoteGlobalIDString = 3FC1B79821C102B6004B5148;
			remoteInfo = "Task13-2";
		};
		3FC1B7B921C102B7004B5148 /* PBXContainerItemProxy */ = {
			isa = PBXContainerItemProxy;
			containerPortal = 3FC1B79121C102B6004B5148 /* Project object */;
			proxyType = 1;
			remoteGlobalIDString = 3FC1B79821C102B6004B5148;
			remoteInfo = "Task13-2";
		};
/* End PBXContainerItemProxy section */

/* Begin PBXFileReference section */
		3FC1B79921C102B6004B5148 /* Task13-2.app */ = {isa = PBXFileReference; explicitFileType = wrapper.application; includeInIndex = 0; path = "Task13-2.app"; sourceTree = BUILT_PRODUCTS_DIR; };
		3FC1B79C21C102B6004B5148 /* AppDelegate.swift */ = {isa = PBXFileReference; lastKnownFileType = sourcecode.swift; path = AppDelegate.swift; sourceTree = "<group>"; };
		3FC1B79E21C102B6004B5148 /* ViewController.swift */ = {isa = PBXFileReference; lastKnownFileType = sourcecode.swift; path = ViewController.swift; sourceTree = "<group>"; };
		3FC1B7A121C102B6004B5148 /* Base */ = {isa = PBXFileReference; lastKnownFileType = file.storyboard; name = Base; path = Base.lproj/Main.storyboard; sourceTree = "<group>"; };
		3FC1B7A321C102B6004B5148 /* Assets.xcassets */ = {isa = PBXFileReference; lastKnownFileType = folder.assetcatalog; path = Assets.xcassets; sourceTree = "<group>"; };
		3FC1B7A621C102B6004B5148 /* Base */ = {isa = PBXFileReference; lastKnownFileType = file.storyboard; name = Base; path = Base.lproj/LaunchScreen.storyboard; sourceTree = "<group>"; };
		3FC1B7A821C102B6004B5148 /* Info.plist */ = {isa = PBXFileReference; lastKnownFileType = text.plist.xml; path = Info.plist; sourceTree = "<group>"; };
		3FC1B7AD21C102B7004B5148 /* Task13-2Tests.xctest */ = {isa = PBXFileReference; explicitFileType = wrapper.cfbundle; includeInIndex = 0; path = "Task13-2Tests.xctest"; sourceTree = BUILT_PRODUCTS_DIR; };
		3FC1B7B821C102B7004B5148 /* Task13-2UITests.xctest */ = {isa = PBXFileReference; explicitFileType = wrapper.cfbundle; includeInIndex = 0; path = "Task13-2UITests.xctest"; sourceTree = BUILT_PRODUCTS_DIR; };
/* End PBXFileReference section */

/* Begin PBXFrameworksBuildPhase section */
		3FC1B79621C102B6004B5148 /* Frameworks */ = {
			isa = PBXFrameworksBuildPhase;
			buildActionMask = 2147483647;
			files = (
			);
			runOnlyForDeploymentPostprocessing = 0;
		};
		3FC1B7AA21C102B7004B5148 /* Frameworks */ = {
			isa = PBXFrameworksBuildPhase;
			buildActionMask = 2147483647;
			files = (
			);
			runOnlyForDeploymentPostprocessing = 0;
		};
		3FC1B7B521C102B7004B5148 /* Frameworks */ = {
			isa = PBXFrameworksBuildPhase;
			buildActionMask = 2147483647;
			files = (
			);
			runOnlyForDeploymentPostprocessing = 0;
		};
/* End PBXFrameworksBuildPhase section */

/* Begin PBXGroup section */
		3FC1B79021C102B6004B5148 = {
			isa = PBXGroup;
			children = (
				3FC1B79B21C102B6004B5148 /* Task13-2 */,
				3FC1B79A21C102B6004B5148 /* Products */,
			);
			sourceTree = "<group>";
		};
		3FC1B79A21C102B6004B5148 /* Products */ = {
			isa = PBXGroup;
			children = (
				3FC1B79921C102B6004B5148 /* Task13-2.app */,
				3FC1B7AD21C102B7004B5148 /* Task13-2Tests.xctest */,
				3FC1B7B821C102B7004B5148 /* Task13-2UITests.xctest */,
			);
			name = Products;
			sourceTree = "<group>";
		};
		3FC1B79B21C102B6004B5148 /* Task13-2 */ = {
			isa = PBXGroup;
			children = (
				3FC1B79C21C102B6004B5148 /* AppDelegate.swift */,
				3FC1B79E21C102B6004B5148 /* ViewController.swift */,
				3FC1B7A021C102B6004B5148 /* Main.storyboard */,
				3FC1B7A321C102B6004B5148 /* Assets.xcassets */,
				3FC1B7A521C102B6004B5148 /* LaunchScreen.storyboard */,
				3FC1B7A821C102B6004B5148 /* Info.plist */,
			);
			path = "Task13-2";
			sourceTree = "<group>";
		};
/* End PBXGroup section */

/* Begin PBXNativeTarget section */
		3FC1B79821C102B6004B5148 /* Task13-2 */ = {
			isa = PBXNativeTarget;
			buildConfigurationList = 3FC1B7C121C102B7004B5148 /* Build configuration list for PBXNativeTarget "Task13-2" */;
			buildPhases = (
				3FC1B79521C102B6004B5148 /* Sources */,
				3FC1B79621C102B6004B5148 /* Frameworks */,
				3FC1B79721C102B6004B5148 /* Resources */,
			);
			buildRules = (
			);
			dependencies = (
			);
			name = "Task13-2";
			productName = "Task13-2";
			productReference = 3FC1B79921C102B6004B5148 /* Task13-2.app */;
			productType = "com.apple.product-type.application";
		};
		3FC1B7AC21C102B7004B5148 /* Task13-2Tests */ = {
			isa = PBXNativeTarget;
			buildConfigurationList = 3FC1B7C421C102B7004B5148 /* Build configuration list for PBXNativeTarget "Task13-2Tests" */;
			buildPhases = (
				3FC1B7A921C102B7004B5148 /* Sources */,
				3FC1B7AA21C102B7004B5148 /* Frameworks */,
				3FC1B7AB21C102B7004B5148 /* Resources */,
			);
			buildRules = (
			);
			dependencies = (
				3FC1B7AF21C102B7004B5148 /* PBXTargetDependency */,
			);
			name = "Task13-2Tests";
			productName = "Task13-2Tests";
			productReference = 3FC1B7AD21C102B7004B5148 /* Task13-2Tests.xctest */;
			productType = "com.apple.product-type.bundle.unit-test";
		};
		3FC1B7B721C102B7004B5148 /* Task13-2UITests */ = {
			isa = PBXNativeTarget;
			buildConfigurationList = 3FC1B7C721C102B7004B5148 /* Build configuration list for PBXNativeTarget "Task13-2UITests" */;
			buildPhases = (
				3FC1B7B421C102B7004B5148 /* Sources */,
				3FC1B7B521C102B7004B5148 /* Frameworks */,
				3FC1B7B621C102B7004B5148 /* Resources */,
			);
			buildRules = (
			);
			dependencies = (
				3FC1B7BA21C102B7004B5148 /* PBXTargetDependency */,
			);
			name = "Task13-2UITests";
			productName = "Task13-2UITests";
			productReference = 3FC1B7B821C102B7004B5148 /* Task13-2UITests.xctest */;
			productType = "com.apple.product-type.bundle.ui-testing";
		};
/* End PBXNativeTarget section */

/* Begin PBXProject section */
		3FC1B79121C102B6004B5148 /* Project object */ = {
			isa = PBXProject;
			attributes = {
				LastSwiftUpdateCheck = 1000;
				LastUpgradeCheck = 1000;
				ORGANIZATIONNAME = zhangfeng;
				TargetAttributes = {
					3FC1B79821C102B6004B5148 = {
						CreatedOnToolsVersion = 10.0;
					};
					3FC1B7AC21C102B7004B5148 = {
						CreatedOnToolsVersion = 10.0;
						TestTargetID = 3FC1B79821C102B6004B5148;
					};
					3FC1B7B721C102B7004B5148 = {
						CreatedOnToolsVersion = 10.0;
						TestTargetID = 3FC1B79821C102B6004B5148;
					};
				};
			};
			buildConfigurationList = 3FC1B79421C102B6004B5148 /* Build configuration list for PBXProject "Task13-2" */;
			compatibilityVersion = "Xcode 9.3";
			developmentRegion = en;
			hasScannedForEncodings = 0;
			knownRegions = (
				en,
				Base,
			);
			mainGroup = 3FC1B79021C102B6004B5148;
			productRefGroup = 3FC1B79A21C102B6004B5148 /* Products */;
			projectDirPath = "";
			projectRoot = "";
			targets = (
				3FC1B79821C102B6004B5148 /* Task13-2 */,
				3FC1B7AC21C102B7004B5148 /* Task13-2Tests */,
				3FC1B7B721C102B7004B5148 /* Task13-2UITests */,
			);
		};
/* End PBXProject section */

/* Begin PBXResourcesBuildPhase section */
		3FC1B79721C102B6004B5148 /* Resources */ = {
			isa = PBXResourcesBuildPhase;
			buildActionMask = 2147483647;
			files = (
				3FC1B7A721C102B6004B5148 /* LaunchScreen.storyboard in Resources */,
				3FC1B7A421C102B6004B5148 /* Assets.xcassets in Resources */,
				3FC1B7A221C102B6004B5148 /* Main.storyboard in Resources */,
			);
			runOnlyForDeploymentPostprocessing = 0;
		};
		3FC1B7AB21C102B7004B5148 /* Resources */ = {
			isa = PBXResourcesBuildPhase;
			buildActionMask = 2147483647;
			files = (
			);
			runOnlyForDeploymentPostprocessing = 0;
		};
		3FC1B7B621C102B7004B5148 /* Resources */ = {
			isa = PBXResourcesBuildPhase;
			buildActionMask = 2147483647;
			files = (
			);
			runOnlyForDeploymentPostprocessing = 0;
		};
/* End PBXResourcesBuildPhase section */

/* Begin PBXSourcesBuildPhase section */
		3FC1B79521C102B6004B5148 /* Sources */ = {
			isa = PBXSourcesBuildPhase;
			buildActionMask = 2147483647;
			files = (
				3FC1B79F21C102B6004B5148 /* ViewController.swift in Sources */,
				3FC1B79D21C102B6004B5148 /* AppDelegate.swift in Sources */,
			);
			runOnlyForDeploymentPostprocessing = 0;
		};
		3FC1B7A921C102B7004B5148 /* Sources */ = {
			isa = PBXSourcesBuildPhase;
			buildActionMask = 2147483647;
			files = (
			);
			runOnlyForDeploymentPostprocessing = 0;
		};
		3FC1B7B421C102B7004B5148 /* Sources */ = {
			isa = PBXSourcesBuildPhase;
			buildActionMask = 2147483647;
			files = (
			);
			runOnlyForDeploymentPostprocessing = 0;
		};
/* End PBXSourcesBuildPhase section */

/* Begin PBXTargetDependency section */
		3FC1B7AF21C102B7004B5148 /* PBXTargetDependency */ = {
			isa = PBXTargetDependency;
			target = 3FC1B79821C102B6004B5148 /* Task13-2 */;
			targetProxy = 3FC1B7AE21C102B7004B5148 /* PBXContainerItemProxy */;
		};
		3FC1B7BA21C102B7004B5148 /* PBXTargetDependency */ = {
			isa = PBXTargetDependency;
			target = 3FC1B79821C102B6004B5148 /* Task13-2 */;
			targetProxy = 3FC1B7B921C102B7004B5148 /* PBXContainerItemProxy */;
		};
/* End PBXTargetDependency section */

/* Begin PBXVariantGroup section */
		3FC1B7A021C102B6004B5148 /* Main.storyboard */ = {
			isa = PBXVariantGroup;
			children = (
				3FC1B7A121C102B6004B5148 /* Base */,
			);
			name = Main.storyboard;
			sourceTree = "<group>";
		};
		3FC1B7A521C102B6004B5148 /* LaunchScreen.storyboard */ = {
			isa = PBXVariantGroup;
			children = (
				3FC1B7A621C102B6004B5148 /* Base */,
			);
			name = LaunchScreen.storyboard;
			sourceTree = "<group>";
		};
/* End PBXVariantGroup section */

/* Begin XCBuildConfiguration section */
		3FC1B7BF21C102B7004B5148 /* Debug */ = {
			isa = XCBuildConfiguration;
			buildSettings = {
				ALWAYS_SEARCH_USER_PATHS = NO;
				CLANG_ANALYZER_NONNULL = YES;
				CLANG_ANALYZER_NUMBER_OBJECT_CONVERSION = YES_AGGRESSIVE;
				CLANG_CXX_LANGUAGE_STANDARD = "gnu++14";
				CLANG_CXX_LIBRARY = "libc++";
				CLANG_ENABLE_MODULES = YES;
				CLANG_ENABLE_OBJC_ARC = YES;
				CLANG_ENABLE_OBJC_WEAK = YES;
				CLANG_WARN_BLOCK_CAPTURE_AUTORELEASING = YES;
				CLANG_WARN_BOOL_CONVERSION = YES;
				CLANG_WARN_COMMA = YES;
				CLANG_WARN_CONSTANT_CONVERSION = YES;
				CLANG_WARN_DEPRECATED_OBJC_IMPLEMENTATIONS = YES;
				CLANG_WARN_DIRECT_OBJC_ISA_USAGE = YES_ERROR;
				CLANG_WARN_DOCUMENTATION_COMMENTS = YES;
				CLANG_WARN_EMPTY_BODY = YES;
				CLANG_WARN_ENUM_CONVERSION = YES;
				CLANG_WARN_INFINITE_RECURSION = YES;
				CLANG_WARN_INT_CONVERSION = YES;
				CLANG_WARN_NON_LITERAL_NULL_CONVERSION = YES;
				CLANG_WARN_OBJC_IMPLICIT_RETAIN_SELF = YES;
				CLANG_WARN_OBJC_LITERAL_CONVERSION = YES;
				CLANG_WARN_OBJC_ROOT_CLASS = YES_ERROR;
				CLANG_WARN_RANGE_LOOP_ANALYSIS = YES;
				CLANG_WARN_STRICT_PROTOTYPES = YES;
				CLANG_WARN_SUSPICIOUS_MOVE = YES;
				CLANG_WARN_UNGUARDED_AVAILABILITY = YES_AGGRESSIVE;
				CLANG_WARN_UNREACHABLE_CODE = YES;
				CLANG_WARN__DUPLICATE_METHOD_MATCH = YES;
				CODE_SIGN_IDENTITY = "iPhone Developer";
				COPY_PHASE_STRIP = NO;
				DEBUG_INFORMATION_FORMAT = dwarf;
				ENABLE_STRICT_OBJC_MSGSEND = YES;
				ENABLE_TESTABILITY = YES;
				GCC_C_LANGUAGE_STANDARD = gnu11;
				GCC_DYNAMIC_NO_PIC = NO;
				GCC_NO_COMMON_BLOCKS = YES;
				GCC_OPTIMIZATION_LEVEL = 0;
				GCC_PREPROCESSOR_DEFINITIONS = (
					"DEBUG=1",
					"$(inherited)",
				);
				GCC_WARN_64_TO_32_BIT_CONVERSION = YES;
				GCC_WARN_ABOUT_RETURN_TYPE = YES_ERROR;
				GCC_WARN_UNDECLARED_SELECTOR = YES;
				GCC_WARN_UNINITIALIZED_AUTOS = YES_AGGRESSIVE;
				GCC_WARN_UNUSED_FUNCTION = YES;
				GCC_WARN_UNUSED_VARIABLE = YES;
				IPHONEOS_DEPLOYMENT_TARGET = 12.0;
				MTL_ENABLE_DEBUG_INFO = INCLUDE_SOURCE;
				MTL_FAST_MATH = YES;
				ONLY_ACTIVE_ARCH = YES;
				SDKROOT = iphoneos;
				SWIFT_ACTIVE_COMPILATION_CONDITIONS = DEBUG;
				SWIFT_OPTIMIZATION_LEVEL = "-Onone";
			};
			name = Debug;
		};
		3FC1B7C021C102B7004B5148 /* Release */ = {
			isa = XCBuildConfiguration;
			buildSettings = {
				ALWAYS_SEARCH_USER_PATHS = NO;
				CLANG_ANALYZER_NONNULL = YES;
				CLANG_ANALYZER_NUMBER_OBJECT_CONVERSION = YES_AGGRESSIVE;
				CLANG_CXX_LANGUAGE_STANDARD = "gnu++14";
				CLANG_CXX_LIBRARY = "libc++";
				CLANG_ENABLE_MODULES = YES;
				CLANG_ENABLE_OBJC_ARC = YES;
				CLANG_ENABLE_OBJC_WEAK = YES;
				CLANG_WARN_BLOCK_CAPTURE_AUTORELEASING = YES;
				CLANG_WARN_BOOL_CONVERSION = YES;
				CLANG_WARN_COMMA = YES;
				CLANG_WARN_CONSTANT_CONVERSION = YES;
				CLANG_WARN_DEPRECATED_OBJC_IMPLEMENTATIONS = YES;
				CLANG_WARN_DIRECT_OBJC_ISA_USAGE = YES_ERROR;
				CLANG_WARN_DOCUMENTATION_COMMENTS = YES;
				CLANG_WARN_EMPTY_BODY = YES;
				CLANG_WARN_ENUM_CONVERSION = YES;
				CLANG_WARN_INFINITE_RECURSION = YES;
				CLANG_WARN_INT_CONVERSION = YES;
				CLANG_WARN_NON_LITERAL_NULL_CONVERSION = YES;
				CLANG_WARN_OBJC_IMPLICIT_RETAIN_SELF = YES;
				CLANG_WARN_OBJC_LITERAL_CONVERSION = YES;
				CLANG_WARN_OBJC_ROOT_CLASS = YES_ERROR;
				CLANG_WARN_RANGE_LOOP_ANALYSIS = YES;
				CLANG_WARN_STRICT_PROTOTYPES = YES;
				CLANG_WARN_SUSPICIOUS_MOVE = YES;
				CLANG_WARN_UNGUARDED_AVAILABILITY = YES_AGGRESSIVE;
				CLANG_WARN_UNREACHABLE_CODE = YES;
				CLANG_WARN__DUPLICATE_METHOD_MATCH = YES;
				CODE_SIGN_IDENTITY = "iPhone Developer";
				COPY_PHASE_STRIP = NO;
				DEBUG_INFORMATION_FORMAT = "dwarf-with-dsym";
				ENABLE_NS_ASSERTIONS = NO;
				ENABLE_STRICT_OBJC_MSGSEND = YES;
				GCC_C_LANGUAGE_STANDARD = gnu11;
				GCC_NO_COMMON_BLOCKS = YES;
				GCC_WARN_64_TO_32_BIT_CONVERSION = YES;
				GCC_WARN_ABOUT_RETURN_TYPE = YES_ERROR;
				GCC_WARN_UNDECLARED_SELECTOR = YES;
				GCC_WARN_UNINITIALIZED_AUTOS = YES_AGGRESSIVE;
				GCC_WARN_UNUSED_FUNCTION = YES;
				GCC_WARN_UNUSED_VARIABLE = YES;
				IPHONEOS_DEPLOYMENT_TARGET = 12.0;
				MTL_ENABLE_DEBUG_INFO = NO;
				MTL_FAST_MATH = YES;
				SDKROOT = iphoneos;
				SWIFT_COMPILATION_MODE = wholemodule;
				SWIFT_OPTIMIZATION_LEVEL = "-O";
				VALIDATE_PRODUCT = YES;
			};
			name = Release;
		};
		3FC1B7C221C102B7004B5148 /* Debug */ = {
			isa = XCBuildConfiguration;
			buildSettings = {
				ASSETCATALOG_COMPILER_APPICON_NAME = AppIcon;
				CODE_SIGN_STYLE = Automatic;
				INFOPLIST_FILE = "Task13-2/Info.plist";
				LD_RUNPATH_SEARCH_PATHS = (
					"$(inherited)",
					"@executable_path/Frameworks",
				);
				PRODUCT_BUNDLE_IDENTIFIER = "-016110451.Task13-2";
				PRODUCT_NAME = "$(TARGET_NAME)";
				SWIFT_VERSION = 4.2;
				TARGETED_DEVICE_FAMILY = "1,2";
			};
			name = Debug;
		};
		3FC1B7C321C102B7004B5148 /* Release */ = {
			isa = XCBuildConfiguration;
			buildSettings = {
				ASSETCATALOG_COMPILER_APPICON_NAME = AppIcon;
				CODE_SIGN_STYLE = Automatic;
				INFOPLIST_FILE = "Task13-2/Info.plist";
				LD_RUNPATH_SEARCH_PATHS = (
					"$(inherited)",
					"@executable_path/Frameworks",
				);
				PRODUCT_BUNDLE_IDENTIFIER = "-016110451.Task13-2";
				PRODUCT_NAME = "$(TARGET_NAME)";
				SWIFT_VERSION = 4.2;
				TARGETED_DEVICE_FAMILY = "1,2";
			};
			name = Release;
		};
		3FC1B7C521C102B7004B5148 /* Debug */ = {
			isa = XCBuildConfiguration;
			buildSettings = {
				ALWAYS_EMBED_SWIFT_STANDARD_LIBRARIES = YES;
				BUNDLE_LOADER = "$(TEST_HOST)";
				CODE_SIGN_STYLE = Automatic;
				INFOPLIST_FILE = "Task13-2Tests/Info.plist";
				LD_RUNPATH_SEARCH_PATHS = (
					"$(inherited)",
					"@executable_path/Frameworks",
					"@loader_path/Frameworks",
				);
				PRODUCT_BUNDLE_IDENTIFIER = "-016110451.Task13-2Tests";
				PRODUCT_NAME = "$(TARGET_NAME)";
				SWIFT_VERSION = 4.2;
				TARGETED_DEVICE_FAMILY = "1,2";
				TEST_HOST = "$(BUILT_PRODUCTS_DIR)/Task13-2.app/Task13-2";
			};
			name = Debug;
		};
		3FC1B7C621C102B7004B5148 /* Release */ = {
			isa = XCBuildConfiguration;
			buildSettings = {
				ALWAYS_EMBED_SWIFT_STANDARD_LIBRARIES = YES;
				BUNDLE_LOADER = "$(TEST_HOST)";
				CODE_SIGN_STYLE = Automatic;
				INFOPLIST_FILE = "Task13-2Tests/Info.plist";
				LD_RUNPATH_SEARCH_PATHS = (
					"$(inherited)",
					"@executable_path/Frameworks",
					"@loader_path/Frameworks",
				);
				PRODUCT_BUNDLE_IDENTIFIER = "-016110451.Task13-2Tests";
				PRODUCT_NAME = "$(TARGET_NAME)";
				SWIFT_VERSION = 4.2;
				TARGETED_DEVICE_FAMILY = "1,2";
				TEST_HOST = "$(BUILT_PRODUCTS_DIR)/Task13-2.app/Task13-2";
			};
			name = Release;
		};
		3FC1B7C821C102B7004B5148 /* Debug */ = {
			isa = XCBuildConfiguration;
			buildSettings = {
				ALWAYS_EMBED_SWIFT_STANDARD_LIBRARIES = YES;
				CODE_SIGN_STYLE = Automatic;
				INFOPLIST_FILE = "Task13-2UITests/Info.plist";
				LD_RUNPATH_SEARCH_PATHS = (
					"$(inherited)",
					"@executable_path/Frameworks",
					"@loader_path/Frameworks",
				);
				PRODUCT_BUNDLE_IDENTIFIER = "-016110451.Task13-2UITests";
				PRODUCT_NAME = "$(TARGET_NAME)";
				SWIFT_VERSION = 4.2;
				TARGETED_DEVICE_FAMILY = "1,2";
				TEST_TARGET_NAME = "Task13-2";
			};
			name = Debug;
		};
		3FC1B7C921C102B7004B5148 /* Release */ = {
			isa = XCBuildConfiguration;
			buildSettings = {
				ALWAYS_EMBED_SWIFT_STANDARD_LIBRARIES = YES;
				CODE_SIGN_STYLE = Automatic;
				INFOPLIST_FILE = "Task13-2UITests/Info.plist";
				LD_RUNPATH_SEARCH_PATHS = (
					"$(inherited)",
					"@executable_path/Frameworks",
					"@loader_path/Frameworks",
				);
				PRODUCT_BUNDLE_IDENTIFIER = "-016110451.Task13-2UITests";
				PRODUCT_NAME = "$(TARGET_NAME)";
				SWIFT_VERSION = 4.2;
				TARGETED_DEVICE_FAMILY = "1,2";
				TEST_TARGET_NAME = "Task13-2";
			};
			name = Release;
		};
/* End XCBuildConfiguration section */

/* Begin XCConfigurationList section */
		3FC1B79421C102B6004B5148 /* Build configuration list for PBXProject "Task13-2" */ = {
			isa = XCConfigurationList;
			buildConfigurations = (
				3FC1B7BF21C102B7004B5148 /* Debug */,
				3FC1B7C021C102B7004B5148 /* Release */,
			);
			defaultConfigurationIsVisible = 0;
			defaultConfigurationName = Release;
		};
		3FC1B7C121C102B7004B5148 /* Build configuration list for PBXNativeTarget "Task13-2" */ = {
			isa = XCConfigurationList;
			buildConfigurations = (
				3FC1B7C221C102B7004B5148 /* Debug */,
				3FC1B7C321C102B7004B5148 /* Release */,
			);
			defaultConfigurationIsVisible = 0;
			defaultConfigurationName = Release;
		};
		3FC1B7C421C102B7004B5148 /* Build configuration list for PBXNativeTarget "Task13-2Tests" */ = {
			isa = XCConfigurationList;
			buildConfigurations = (
				3FC1B7C521C102B7004B5148 /* Debug */,
				3FC1B7C621C102B7004B5148 /* Release */,
			);
			defaultConfigurationIsVisible = 0;
			defaultConfigurationName = Release;
		};
		3FC1B7C721C102B7004B5148 /* Build configuration list for PBXNativeTarget "Task13-2UITests" */ = {
			isa = XCConfigurationList;
			buildConfigurations = (
				3FC1B7C821C102B7004B5148 /* Debug */,
				3FC1B7C921C102B7004B5148 /* Release */,
			);
			defaultConfigurationIsVisible = 0;
			defaultConfigurationName = Release;
		};
/* End XCConfigurationList section */
	};
	rootObject = 3FC1B79121C102B6004B5148 /* Project object */;
}
