// !$*UTF8*$!
{
	archiveVersion = 1;
	classes = {
	};
	objectVersion = 50;
	objects = {

/* Begin PBXBuildFile section */
		3FE3CC762181A7F60053CDA5 /* AppDelegate.swift in Sources */ = {isa = PBXBuildFile; fileRef = 3FE3CC752181A7F60053CDA5 /* AppDelegate.swift */; };
		3FE3CC782181A7F60053CDA5 /* ViewController.swift in Sources */ = {isa = PBXBuildFile; fileRef = 3FE3CC772181A7F60053CDA5 /* ViewController.swift */; };
		3FE3CC7B2181A7F60053CDA5 /* Main.storyboard in Resources */ = {isa = PBXBuildFile; fileRef = 3FE3CC792181A7F60053CDA5 /* Main.storyboard */; };
		3FE3CC7D2181A7F60053CDA5 /* Assets.xcassets in Resources */ = {isa = PBXBuildFile; fileRef = 3FE3CC7C2181A7F60053CDA5 /* Assets.xcassets */; };
		3FE3CC802181A7F60053CDA5 /* LaunchScreen.storyboard in Resources */ = {isa = PBXBuildFile; fileRef = 3FE3CC7E2181A7F60053CDA5 /* LaunchScreen.storyboard */; };
/* End PBXBuildFile section */

/* Begin PBXContainerItemProxy section */
		3FE3CC872181A7F70053CDA5 /* PBXContainerItemProxy */ = {
			isa = PBXContainerItemProxy;
			containerPortal = 3FE3CC6A2181A7F60053CDA5 /* Project object */;
			proxyType = 1;
			remoteGlobalIDString = 3FE3CC712181A7F60053CDA5;
			remoteInfo = "Task6-2";
		};
		3FE3CC922181A7F70053CDA5 /* PBXContainerItemProxy */ = {
			isa = PBXContainerItemProxy;
			containerPortal = 3FE3CC6A2181A7F60053CDA5 /* Project object */;
			proxyType = 1;
			remoteGlobalIDString = 3FE3CC712181A7F60053CDA5;
			remoteInfo = "Task6-2";
		};
/* End PBXContainerItemProxy section */

/* Begin PBXFileReference section */
		3FE3CC722181A7F60053CDA5 /* Task6-2.app */ = {isa = PBXFileReference; explicitFileType = wrapper.application; includeInIndex = 0; path = "Task6-2.app"; sourceTree = BUILT_PRODUCTS_DIR; };
		3FE3CC752181A7F60053CDA5 /* AppDelegate.swift */ = {isa = PBXFileReference; lastKnownFileType = sourcecode.swift; path = AppDelegate.swift; sourceTree = "<group>"; };
		3FE3CC772181A7F60053CDA5 /* ViewController.swift */ = {isa = PBXFileReference; lastKnownFileType = sourcecode.swift; path = ViewController.swift; sourceTree = "<group>"; };
		3FE3CC7A2181A7F60053CDA5 /* Base */ = {isa = PBXFileReference; lastKnownFileType = file.storyboard; name = Base; path = Base.lproj/Main.storyboard; sourceTree = "<group>"; };
		3FE3CC7C2181A7F60053CDA5 /* Assets.xcassets */ = {isa = PBXFileReference; lastKnownFileType = folder.assetcatalog; path = Assets.xcassets; sourceTree = "<group>"; };
		3FE3CC7F2181A7F60053CDA5 /* Base */ = {isa = PBXFileReference; lastKnownFileType = file.storyboard; name = Base; path = Base.lproj/LaunchScreen.storyboard; sourceTree = "<group>"; };
		3FE3CC812181A7F60053CDA5 /* Info.plist */ = {isa = PBXFileReference; lastKnownFileType = text.plist.xml; path = Info.plist; sourceTree = "<group>"; };
		3FE3CC862181A7F70053CDA5 /* Task6-2Tests.xctest */ = {isa = PBXFileReference; explicitFileType = wrapper.cfbundle; includeInIndex = 0; path = "Task6-2Tests.xctest"; sourceTree = BUILT_PRODUCTS_DIR; };
		3FE3CC912181A7F70053CDA5 /* Task6-2UITests.xctest */ = {isa = PBXFileReference; explicitFileType = wrapper.cfbundle; includeInIndex = 0; path = "Task6-2UITests.xctest"; sourceTree = BUILT_PRODUCTS_DIR; };
/* End PBXFileReference section */

/* Begin PBXFrameworksBuildPhase section */
		3FE3CC6F2181A7F60053CDA5 /* Frameworks */ = {
			isa = PBXFrameworksBuildPhase;
			buildActionMask = 2147483647;
			files = (
			);
			runOnlyForDeploymentPostprocessing = 0;
		};
		3FE3CC832181A7F70053CDA5 /* Frameworks */ = {
			isa = PBXFrameworksBuildPhase;
			buildActionMask = 2147483647;
			files = (
			);
			runOnlyForDeploymentPostprocessing = 0;
		};
		3FE3CC8E2181A7F70053CDA5 /* Frameworks */ = {
			isa = PBXFrameworksBuildPhase;
			buildActionMask = 2147483647;
			files = (
			);
			runOnlyForDeploymentPostprocessing = 0;
		};
/* End PBXFrameworksBuildPhase section */

/* Begin PBXGroup section */
		3FE3CC692181A7F60053CDA5 = {
			isa = PBXGroup;
			children = (
				3FE3CC742181A7F60053CDA5 /* Task6-2 */,
				3FE3CC732181A7F60053CDA5 /* Products */,
			);
			sourceTree = "<group>";
		};
		3FE3CC732181A7F60053CDA5 /* Products */ = {
			isa = PBXGroup;
			children = (
				3FE3CC722181A7F60053CDA5 /* Task6-2.app */,
				3FE3CC862181A7F70053CDA5 /* Task6-2Tests.xctest */,
				3FE3CC912181A7F70053CDA5 /* Task6-2UITests.xctest */,
			);
			name = Products;
			sourceTree = "<group>";
		};
		3FE3CC742181A7F60053CDA5 /* Task6-2 */ = {
			isa = PBXGroup;
			children = (
				3FE3CC752181A7F60053CDA5 /* AppDelegate.swift */,
				3FE3CC772181A7F60053CDA5 /* ViewController.swift */,
				3FE3CC792181A7F60053CDA5 /* Main.storyboard */,
				3FE3CC7C2181A7F60053CDA5 /* Assets.xcassets */,
				3FE3CC7E2181A7F60053CDA5 /* LaunchScreen.storyboard */,
				3FE3CC812181A7F60053CDA5 /* Info.plist */,
			);
			path = "Task6-2";
			sourceTree = "<group>";
		};
/* End PBXGroup section */

/* Begin PBXNativeTarget section */
		3FE3CC712181A7F60053CDA5 /* Task6-2 */ = {
			isa = PBXNativeTarget;
			buildConfigurationList = 3FE3CC9A2181A7F70053CDA5 /* Build configuration list for PBXNativeTarget "Task6-2" */;
			buildPhases = (
				3FE3CC6E2181A7F60053CDA5 /* Sources */,
				3FE3CC6F2181A7F60053CDA5 /* Frameworks */,
				3FE3CC702181A7F60053CDA5 /* Resources */,
			);
			buildRules = (
			);
			dependencies = (
			);
			name = "Task6-2";
			productName = "Task6-2";
			productReference = 3FE3CC722181A7F60053CDA5 /* Task6-2.app */;
			productType = "com.apple.product-type.application";
		};
		3FE3CC852181A7F70053CDA5 /* Task6-2Tests */ = {
			isa = PBXNativeTarget;
			buildConfigurationList = 3FE3CC9D2181A7F70053CDA5 /* Build configuration list for PBXNativeTarget "Task6-2Tests" */;
			buildPhases = (
				3FE3CC822181A7F70053CDA5 /* Sources */,
				3FE3CC832181A7F70053CDA5 /* Frameworks */,
				3FE3CC842181A7F70053CDA5 /* Resources */,
			);
			buildRules = (
			);
			dependencies = (
				3FE3CC882181A7F70053CDA5 /* PBXTargetDependency */,
			);
			name = "Task6-2Tests";
			productName = "Task6-2Tests";
			productReference = 3FE3CC862181A7F70053CDA5 /* Task6-2Tests.xctest */;
			productType = "com.apple.product-type.bundle.unit-test";
		};
		3FE3CC902181A7F70053CDA5 /* Task6-2UITests */ = {
			isa = PBXNativeTarget;
			buildConfigurationList = 3FE3CCA02181A7F70053CDA5 /* Build configuration list for PBXNativeTarget "Task6-2UITests" */;
			buildPhases = (
				3FE3CC8D2181A7F70053CDA5 /* Sources */,
				3FE3CC8E2181A7F70053CDA5 /* Frameworks */,
				3FE3CC8F2181A7F70053CDA5 /* Resources */,
			);
			buildRules = (
			);
			dependencies = (
				3FE3CC932181A7F70053CDA5 /* PBXTargetDependency */,
			);
			name = "Task6-2UITests";
			productName = "Task6-2UITests";
			productReference = 3FE3CC912181A7F70053CDA5 /* Task6-2UITests.xctest */;
			productType = "com.apple.product-type.bundle.ui-testing";
		};
/* End PBXNativeTarget section */

/* Begin PBXProject section */
		3FE3CC6A2181A7F60053CDA5 /* Project object */ = {
			isa = PBXProject;
			attributes = {
				LastSwiftUpdateCheck = 0940;
				LastUpgradeCheck = 0940;
				ORGANIZATIONNAME = zhangfeng;
				TargetAttributes = {
					3FE3CC712181A7F60053CDA5 = {
						CreatedOnToolsVersion = 9.4.1;
					};
					3FE3CC852181A7F70053CDA5 = {
						CreatedOnToolsVersion = 9.4.1;
						TestTargetID = 3FE3CC712181A7F60053CDA5;
					};
					3FE3CC902181A7F70053CDA5 = {
						CreatedOnToolsVersion = 9.4.1;
						TestTargetID = 3FE3CC712181A7F60053CDA5;
					};
				};
			};
			buildConfigurationList = 3FE3CC6D2181A7F60053CDA5 /* Build configuration list for PBXProject "Task6-2" */;
			compatibilityVersion = "Xcode 9.3";
			developmentRegion = en;
			hasScannedForEncodings = 0;
			knownRegions = (
				en,
				Base,
			);
			mainGroup = 3FE3CC692181A7F60053CDA5;
			productRefGroup = 3FE3CC732181A7F60053CDA5 /* Products */;
			projectDirPath = "";
			projectRoot = "";
			targets = (
				3FE3CC712181A7F60053CDA5 /* Task6-2 */,
				3FE3CC852181A7F70053CDA5 /* Task6-2Tests */,
				3FE3CC902181A7F70053CDA5 /* Task6-2UITests */,
			);
		};
/* End PBXProject section */

/* Begin PBXResourcesBuildPhase section */
		3FE3CC702181A7F60053CDA5 /* Resources */ = {
			isa = PBXResourcesBuildPhase;
			buildActionMask = 2147483647;
			files = (
				3FE3CC802181A7F60053CDA5 /* LaunchScreen.storyboard in Resources */,
				3FE3CC7D2181A7F60053CDA5 /* Assets.xcassets in Resources */,
				3FE3CC7B2181A7F60053CDA5 /* Main.storyboard in Resources */,
			);
			runOnlyForDeploymentPostprocessing = 0;
		};
		3FE3CC842181A7F70053CDA5 /* Resources */ = {
			isa = PBXResourcesBuildPhase;
			buildActionMask = 2147483647;
			files = (
			);
			runOnlyForDeploymentPostprocessing = 0;
		};
		3FE3CC8F2181A7F70053CDA5 /* Resources */ = {
			isa = PBXResourcesBuildPhase;
			buildActionMask = 2147483647;
			files = (
			);
			runOnlyForDeploymentPostprocessing = 0;
		};
/* End PBXResourcesBuildPhase section */

/* Begin PBXSourcesBuildPhase section */
		3FE3CC6E2181A7F60053CDA5 /* Sources */ = {
			isa = PBXSourcesBuildPhase;
			buildActionMask = 2147483647;
			files = (
				3FE3CC782181A7F60053CDA5 /* ViewController.swift in Sources */,
				3FE3CC762181A7F60053CDA5 /* AppDelegate.swift in Sources */,
			);
			runOnlyForDeploymentPostprocessing = 0;
		};
		3FE3CC822181A7F70053CDA5 /* Sources */ = {
			isa = PBXSourcesBuildPhase;
			buildActionMask = 2147483647;
			files = (
			);
			runOnlyForDeploymentPostprocessing = 0;
		};
		3FE3CC8D2181A7F70053CDA5 /* Sources */ = {
			isa = PBXSourcesBuildPhase;
			buildActionMask = 2147483647;
			files = (
			);
			runOnlyForDeploymentPostprocessing = 0;
		};
/* End PBXSourcesBuildPhase section */

/* Begin PBXTargetDependency section */
		3FE3CC882181A7F70053CDA5 /* PBXTargetDependency */ = {
			isa = PBXTargetDependency;
			target = 3FE3CC712181A7F60053CDA5 /* Task6-2 */;
			targetProxy = 3FE3CC872181A7F70053CDA5 /* PBXContainerItemProxy */;
		};
		3FE3CC932181A7F70053CDA5 /* PBXTargetDependency */ = {
			isa = PBXTargetDependency;
			target = 3FE3CC712181A7F60053CDA5 /* Task6-2 */;
			targetProxy = 3FE3CC922181A7F70053CDA5 /* PBXContainerItemProxy */;
		};
/* End PBXTargetDependency section */

/* Begin PBXVariantGroup section */
		3FE3CC792181A7F60053CDA5 /* Main.storyboard */ = {
			isa = PBXVariantGroup;
			children = (
				3FE3CC7A2181A7F60053CDA5 /* Base */,
			);
			name = Main.storyboard;
			sourceTree = "<group>";
		};
		3FE3CC7E2181A7F60053CDA5 /* LaunchScreen.storyboard */ = {
			isa = PBXVariantGroup;
			children = (
				3FE3CC7F2181A7F60053CDA5 /* Base */,
			);
			name = LaunchScreen.storyboard;
			sourceTree = "<group>";
		};
/* End PBXVariantGroup section */

/* Begin XCBuildConfiguration section */
		3FE3CC982181A7F70053CDA5 /* Debug */ = {
			isa = XCBuildConfiguration;
			buildSettings = {
				ALWAYS_SEARCH_USER_PATHS = NO;
				CLANG_ANALYZER_NONNULL = YES;
				CLANG_ANALYZER_NUMBER_OBJECT_CONVERSION = YES_AGGRESSIVE;
				CLANG_CXX_LANGUAGE_STANDARD = "gnu++14";
				CLANG_CXX_LIBRARY = "libc++";
				CLANG_ENABLE_MODULES = YES;
				CLANG_ENABLE_OBJC_ARC = YES;
				CLANG_ENABLE_OBJC_WEAK = YES;
				CLANG_WARN_BLOCK_CAPTURE_AUTORELEASING = YES;
				CLANG_WARN_BOOL_CONVERSION = YES;
				CLANG_WARN_COMMA = YES;
				CLANG_WARN_CONSTANT_CONVERSION = YES;
				CLANG_WARN_DEPRECATED_OBJC_IMPLEMENTATIONS = YES;
				CLANG_WARN_DIRECT_OBJC_ISA_USAGE = YES_ERROR;
				CLANG_WARN_DOCUMENTATION_COMMENTS = YES;
				CLANG_WARN_EMPTY_BODY = YES;
				CLANG_WARN_ENUM_CONVERSION = YES;
				CLANG_WARN_INFINITE_RECURSION = YES;
				CLANG_WARN_INT_CONVERSION = YES;
				CLANG_WARN_NON_LITERAL_NULL_CONVERSION = YES;
				CLANG_WARN_OBJC_IMPLICIT_RETAIN_SELF = YES;
				CLANG_WARN_OBJC_LITERAL_CONVERSION = YES;
				CLANG_WARN_OBJC_ROOT_CLASS = YES_ERROR;
				CLANG_WARN_RANGE_LOOP_ANALYSIS = YES;
				CLANG_WARN_STRICT_PROTOTYPES = YES;
				CLANG_WARN_SUSPICIOUS_MOVE = YES;
				CLANG_WARN_UNGUARDED_AVAILABILITY = YES_AGGRESSIVE;
				CLANG_WARN_UNREACHABLE_CODE = YES;
				CLANG_WARN__DUPLICATE_METHOD_MATCH = YES;
				CODE_SIGN_IDENTITY = "iPhone Developer";
				COPY_PHASE_STRIP = NO;
				DEBUG_INFORMATION_FORMAT = dwarf;
				ENABLE_STRICT_OBJC_MSGSEND = YES;
				ENABLE_TESTABILITY = YES;
				GCC_C_LANGUAGE_STANDARD = gnu11;
				GCC_DYNAMIC_NO_PIC = NO;
				GCC_NO_COMMON_BLOCKS = YES;
				GCC_OPTIMIZATION_LEVEL = 0;
				GCC_PREPROCESSOR_DEFINITIONS = (
					"DEBUG=1",
					"$(inherited)",
				);
				GCC_WARN_64_TO_32_BIT_CONVERSION = YES;
				GCC_WARN_ABOUT_RETURN_TYPE = YES_ERROR;
				GCC_WARN_UNDECLARED_SELECTOR = YES;
				GCC_WARN_UNINITIALIZED_AUTOS = YES_AGGRESSIVE;
				GCC_WARN_UNUSED_FUNCTION = YES;
				GCC_WARN_UNUSED_VARIABLE = YES;
				IPHONEOS_DEPLOYMENT_TARGET = 11.4;
				MTL_ENABLE_DEBUG_INFO = YES;
				ONLY_ACTIVE_ARCH = YES;
				SDKROOT = iphoneos;
				SWIFT_ACTIVE_COMPILATION_CONDITIONS = DEBUG;
				SWIFT_OPTIMIZATION_LEVEL = "-Onone";
			};
			name = Debug;
		};
		3FE3CC992181A7F70053CDA5 /* Release */ = {
			isa = XCBuildConfiguration;
			buildSettings = {
				ALWAYS_SEARCH_USER_PATHS = NO;
				CLANG_ANALYZER_NONNULL = YES;
				CLANG_ANALYZER_NUMBER_OBJECT_CONVERSION = YES_AGGRESSIVE;
				CLANG_CXX_LANGUAGE_STANDARD = "gnu++14";
				CLANG_CXX_LIBRARY = "libc++";
				CLANG_ENABLE_MODULES = YES;
				CLANG_ENABLE_OBJC_ARC = YES;
				CLANG_ENABLE_OBJC_WEAK = YES;
				CLANG_WARN_BLOCK_CAPTURE_AUTORELEASING = YES;
				CLANG_WARN_BOOL_CONVERSION = YES;
				CLANG_WARN_COMMA = YES;
				CLANG_WARN_CONSTANT_CONVERSION = YES;
				CLANG_WARN_DEPRECATED_OBJC_IMPLEMENTATIONS = YES;
				CLANG_WARN_DIRECT_OBJC_ISA_USAGE = YES_ERROR;
				CLANG_WARN_DOCUMENTATION_COMMENTS = YES;
				CLANG_WARN_EMPTY_BODY = YES;
				CLANG_WARN_ENUM_CONVERSION = YES;
				CLANG_WARN_INFINITE_RECURSION = YES;
				CLANG_WARN_INT_CONVERSION = YES;
				CLANG_WARN_NON_LITERAL_NULL_CONVERSION = YES;
				CLANG_WARN_OBJC_IMPLICIT_RETAIN_SELF = YES;
				CLANG_WARN_OBJC_LITERAL_CONVERSION = YES;
				CLANG_WARN_OBJC_ROOT_CLASS = YES_ERROR;
				CLANG_WARN_RANGE_LOOP_ANALYSIS = YES;
				CLANG_WARN_STRICT_PROTOTYPES = YES;
				CLANG_WARN_SUSPICIOUS_MOVE = YES;
				CLANG_WARN_UNGUARDED_AVAILABILITY = YES_AGGRESSIVE;
				CLANG_WARN_UNREACHABLE_CODE = YES;
				CLANG_WARN__DUPLICATE_METHOD_MATCH = YES;
				CODE_SIGN_IDENTITY = "iPhone Developer";
				COPY_PHASE_STRIP = NO;
				DEBUG_INFORMATION_FORMAT = "dwarf-with-dsym";
				ENABLE_NS_ASSERTIONS = NO;
				ENABLE_STRICT_OBJC_MSGSEND = YES;
				GCC_C_LANGUAGE_STANDARD = gnu11;
				GCC_NO_COMMON_BLOCKS = YES;
				GCC_WARN_64_TO_32_BIT_CONVERSION = YES;
				GCC_WARN_ABOUT_RETURN_TYPE = YES_ERROR;
				GCC_WARN_UNDECLARED_SELECTOR = YES;
				GCC_WARN_UNINITIALIZED_AUTOS = YES_AGGRESSIVE;
				GCC_WARN_UNUSED_FUNCTION = YES;
				GCC_WARN_UNUSED_VARIABLE = YES;
				IPHONEOS_DEPLOYMENT_TARGET = 11.4;
				MTL_ENABLE_DEBUG_INFO = NO;
				SDKROOT = iphoneos;
				SWIFT_COMPILATION_MODE = wholemodule;
				SWIFT_OPTIMIZATION_LEVEL = "-O";
				VALIDATE_PRODUCT = YES;
			};
			name = Release;
		};
		3FE3CC9B2181A7F70053CDA5 /* Debug */ = {
			isa = XCBuildConfiguration;
			buildSettings = {
				ASSETCATALOG_COMPILER_APPICON_NAME = AppIcon;
				CODE_SIGN_STYLE = Automatic;
				INFOPLIST_FILE = "Task6-2/Info.plist";
				LD_RUNPATH_SEARCH_PATHS = (
					"$(inherited)",
					"@executable_path/Frameworks",
				);
				PRODUCT_BUNDLE_IDENTIFIER = "-016110208.Task6-2";
				PRODUCT_NAME = "$(TARGET_NAME)";
				SWIFT_VERSION = 4.0;
				TARGETED_DEVICE_FAMILY = "1,2";
			};
			name = Debug;
		};
		3FE3CC9C2181A7F70053CDA5 /* Release */ = {
			isa = XCBuildConfiguration;
			buildSettings = {
				ASSETCATALOG_COMPILER_APPICON_NAME = AppIcon;
				CODE_SIGN_STYLE = Automatic;
				INFOPLIST_FILE = "Task6-2/Info.plist";
				LD_RUNPATH_SEARCH_PATHS = (
					"$(inherited)",
					"@executable_path/Frameworks",
				);
				PRODUCT_BUNDLE_IDENTIFIER = "-016110208.Task6-2";
				PRODUCT_NAME = "$(TARGET_NAME)";
				SWIFT_VERSION = 4.0;
				TARGETED_DEVICE_FAMILY = "1,2";
			};
			name = Release;
		};
		3FE3CC9E2181A7F70053CDA5 /* Debug */ = {
			isa = XCBuildConfiguration;
			buildSettings = {
				ALWAYS_EMBED_SWIFT_STANDARD_LIBRARIES = YES;
				BUNDLE_LOADER = "$(TEST_HOST)";
				CODE_SIGN_STYLE = Automatic;
				INFOPLIST_FILE = "Task6-2Tests/Info.plist";
				LD_RUNPATH_SEARCH_PATHS = (
					"$(inherited)",
					"@executable_path/Frameworks",
					"@loader_path/Frameworks",
				);
				PRODUCT_BUNDLE_IDENTIFIER = "-016110208.Task6-2Tests";
				PRODUCT_NAME = "$(TARGET_NAME)";
				SWIFT_VERSION = 4.0;
				TARGETED_DEVICE_FAMILY = "1,2";
				TEST_HOST = "$(BUILT_PRODUCTS_DIR)/Task6-2.app/Task6-2";
			};
			name = Debug;
		};
		3FE3CC9F2181A7F70053CDA5 /* Release */ = {
			isa = XCBuildConfiguration;
			buildSettings = {
				ALWAYS_EMBED_SWIFT_STANDARD_LIBRARIES = YES;
				BUNDLE_LOADER = "$(TEST_HOST)";
				CODE_SIGN_STYLE = Automatic;
				INFOPLIST_FILE = "Task6-2Tests/Info.plist";
				LD_RUNPATH_SEARCH_PATHS = (
					"$(inherited)",
					"@executable_path/Frameworks",
					"@loader_path/Frameworks",
				);
				PRODUCT_BUNDLE_IDENTIFIER = "-016110208.Task6-2Tests";
				PRODUCT_NAME = "$(TARGET_NAME)";
				SWIFT_VERSION = 4.0;
				TARGETED_DEVICE_FAMILY = "1,2";
				TEST_HOST = "$(BUILT_PRODUCTS_DIR)/Task6-2.app/Task6-2";
			};
			name = Release;
		};
		3FE3CCA12181A7F70053CDA5 /* Debug */ = {
			isa = XCBuildConfiguration;
			buildSettings = {
				ALWAYS_EMBED_SWIFT_STANDARD_LIBRARIES = YES;
				CODE_SIGN_STYLE = Automatic;
				INFOPLIST_FILE = "Task6-2UITests/Info.plist";
				LD_RUNPATH_SEARCH_PATHS = (
					"$(inherited)",
					"@executable_path/Frameworks",
					"@loader_path/Frameworks",
				);
				PRODUCT_BUNDLE_IDENTIFIER = "-016110208.Task6-2UITests";
				PRODUCT_NAME = "$(TARGET_NAME)";
				SWIFT_VERSION = 4.0;
				TARGETED_DEVICE_FAMILY = "1,2";
				TEST_TARGET_NAME = "Task6-2";
			};
			name = Debug;
		};
		3FE3CCA22181A7F70053CDA5 /* Release */ = {
			isa = XCBuildConfiguration;
			buildSettings = {
				ALWAYS_EMBED_SWIFT_STANDARD_LIBRARIES = YES;
				CODE_SIGN_STYLE = Automatic;
				INFOPLIST_FILE = "Task6-2UITests/Info.plist";
				LD_RUNPATH_SEARCH_PATHS = (
					"$(inherited)",
					"@executable_path/Frameworks",
					"@loader_path/Frameworks",
				);
				PRODUCT_BUNDLE_IDENTIFIER = "-016110208.Task6-2UITests";
				PRODUCT_NAME = "$(TARGET_NAME)";
				SWIFT_VERSION = 4.0;
				TARGETED_DEVICE_FAMILY = "1,2";
				TEST_TARGET_NAME = "Task6-2";
			};
			name = Release;
		};
/* End XCBuildConfiguration section */

/* Begin XCConfigurationList section */
		3FE3CC6D2181A7F60053CDA5 /* Build configuration list for PBXProject "Task6-2" */ = {
			isa = XCConfigurationList;
			buildConfigurations = (
				3FE3CC982181A7F70053CDA5 /* Debug */,
				3FE3CC992181A7F70053CDA5 /* Release */,
			);
			defaultConfigurationIsVisible = 0;
			defaultConfigurationName = Release;
		};
		3FE3CC9A2181A7F70053CDA5 /* Build configuration list for PBXNativeTarget "Task6-2" */ = {
			isa = XCConfigurationList;
			buildConfigurations = (
				3FE3CC9B2181A7F70053CDA5 /* Debug */,
				3FE3CC9C2181A7F70053CDA5 /* Release */,
			);
			defaultConfigurationIsVisible = 0;
			defaultConfigurationName = Release;
		};
		3FE3CC9D2181A7F70053CDA5 /* Build configuration list for PBXNativeTarget "Task6-2Tests" */ = {
			isa = XCConfigurationList;
			buildConfigurations = (
				3FE3CC9E2181A7F70053CDA5 /* Debug */,
				3FE3CC9F2181A7F70053CDA5 /* Release */,
			);
			defaultConfigurationIsVisible = 0;
			defaultConfigurationName = Release;
		};
		3FE3CCA02181A7F70053CDA5 /* Build configuration list for PBXNativeTarget "Task6-2UITests" */ = {
			isa = XCConfigurationList;
			buildConfigurations = (
				3FE3CCA12181A7F70053CDA5 /* Debug */,
				3FE3CCA22181A7F70053CDA5 /* Release */,
			);
			defaultConfigurationIsVisible = 0;
			defaultConfigurationName = Release;
		};
/* End XCConfigurationList section */
	};
	rootObject = 3FE3CC6A2181A7F60053CDA5 /* Project object */;
}
